
Microsoft Visual Studio Solution File, Format Version 12.00
# Visual Studio Version 17
VisualStudioVersion = 17.0.31903.59
MinimumVisualStudioVersion = 10.0.40219.1
Project("{FAE04EC0-301F-11D3-BF4B-00C04F79EFBC}") = "SuringFun.ImageZ.Service", "SuringFun.ImageZ.Service\SuringFun.ImageZ.Service.csproj", "{A091EEA9-D870-448F-9A3E-046025BE5B57}"
EndProject
Project("{FAE04EC0-301F-11D3-BF4B-00C04F79EFBC}") = "SuringFun.ImageZ.Authorization", "SuringFun.ImageZ.Authorization\SuringFun.ImageZ.Authorization.csproj", "{A3E51E55-E52C-49F8-9B0E-23F028D9F58F}"
EndProject
Project("{FAE04EC0-301F-11D3-BF4B-00C04F79EFBC}") = "SuringFun.ImageZ.Essentials", "SuringFun.ImageZ.Essentials\SuringFun.ImageZ.Essentials.csproj", "{1BC9C8AA-3FB3-4DE0-9E40-7DC2ACF27F04}"
EndProject
Global
	GlobalSection(SolutionConfigurationPlatforms) = preSolution
		Debug|Any CPU = Debug|Any CPU
		Debug|x64 = Debug|x64
		Debug|x86 = Debug|x86
		Release|Any CPU = Release|Any CPU
		Release|x64 = Release|x64
		Release|x86 = Release|x86
	EndGlobalSection
	GlobalSection(ProjectConfigurationPlatforms) = postSolution
		{A091EEA9-D870-448F-9A3E-046025BE5B57}.Debug|Any CPU.ActiveCfg = Debug|Any CPU
		{A091EEA9-D870-448F-9A3E-046025BE5B57}.Debug|Any CPU.Build.0 = Debug|Any CPU
		{A091EEA9-D870-448F-9A3E-046025BE5B57}.Debug|x64.ActiveCfg = Debug|Any CPU
		{A091EEA9-D870-448F-9A3E-046025BE5B57}.Debug|x64.Build.0 = Debug|Any CPU
		{A091EEA9-D870-448F-9A3E-046025BE5B57}.Debug|x86.ActiveCfg = Debug|Any CPU
		{A091EEA9-D870-448F-9A3E-046025BE5B57}.Debug|x86.Build.0 = Debug|Any CPU
		{A091EEA9-D870-448F-9A3E-046025BE5B57}.Release|Any CPU.ActiveCfg = Release|Any CPU
		{A091EEA9-D870-448F-9A3E-046025BE5B57}.Release|Any CPU.Build.0 = Release|Any CPU
		{A091EEA9-D870-448F-9A3E-046025BE5B57}.Release|x64.ActiveCfg = Release|Any CPU
		{A091EEA9-D870-448F-9A3E-046025BE5B57}.Release|x64.Build.0 = Release|Any CPU
		{A091EEA9-D870-448F-9A3E-046025BE5B57}.Release|x86.ActiveCfg = Release|Any CPU
		{A091EEA9-D870-448F-9A3E-046025BE5B57}.Release|x86.Build.0 = Release|Any CPU
		{A3E51E55-E52C-49F8-9B0E-23F028D9F58F}.Debug|Any CPU.ActiveCfg = Debug|Any CPU
		{A3E51E55-E52C-49F8-9B0E-23F028D9F58F}.Debug|Any CPU.Build.0 = Debug|Any CPU
		{A3E51E55-E52C-49F8-9B0E-23F028D9F58F}.Debug|x64.ActiveCfg = Debug|Any CPU
		{A3E51E55-E52C-49F8-9B0E-23F028D9F58F}.Debug|x64.Build.0 = Debug|Any CPU
		{A3E51E55-E52C-49F8-9B0E-23F028D9F58F}.Debug|x86.ActiveCfg = Debug|Any CPU
		{A3E51E55-E52C-49F8-9B0E-23F028D9F58F}.Debug|x86.Build.0 = Debug|Any CPU
		{A3E51E55-E52C-49F8-9B0E-23F028D9F58F}.Release|Any CPU.ActiveCfg = Release|Any CPU
		{A3E51E55-E52C-49F8-9B0E-23F028D9F58F}.Release|Any CPU.Build.0 = Release|Any CPU
		{A3E51E55-E52C-49F8-9B0E-23F028D9F58F}.Release|x64.ActiveCfg = Release|Any CPU
		{A3E51E55-E52C-49F8-9B0E-23F028D9F58F}.Release|x64.Build.0 = Release|Any CPU
		{A3E51E55-E52C-49F8-9B0E-23F028D9F58F}.Release|x86.ActiveCfg = Release|Any CPU
		{A3E51E55-E52C-49F8-9B0E-23F028D9F58F}.Release|x86.Build.0 = Release|Any CPU
		{1BC9C8AA-3FB3-4DE0-9E40-7DC2ACF27F04}.Debug|Any CPU.ActiveCfg = Debug|Any CPU
		{1BC9C8AA-3FB3-4DE0-9E40-7DC2ACF27F04}.Debug|Any CPU.Build.0 = Debug|Any CPU
		{1BC9C8AA-3FB3-4DE0-9E40-7DC2ACF27F04}.Debug|x64.ActiveCfg = Debug|Any CPU
		{1BC9C8AA-3FB3-4DE0-9E40-7DC2ACF27F04}.Debug|x64.Build.0 = Debug|Any CPU
		{1BC9C8AA-3FB3-4DE0-9E40-7DC2ACF27F04}.Debug|x86.ActiveCfg = Debug|Any CPU
		{1BC9C8AA-3FB3-4DE0-9E40-7DC2ACF27F04}.Debug|x86.Build.0 = Debug|Any CPU
		{1BC9C8AA-3FB3-4DE0-9E40-7DC2ACF27F04}.Release|Any CPU.ActiveCfg = Release|Any CPU
		{1BC9C8AA-3FB3-4DE0-9E40-7DC2ACF27F04}.Release|Any CPU.Build.0 = Release|Any CPU
		{1BC9C8AA-3FB3-4DE0-9E40-7DC2ACF27F04}.Release|x64.ActiveCfg = Release|Any CPU
		{1BC9C8AA-3FB3-4DE0-9E40-7DC2ACF27F04}.Release|x64.Build.0 = Release|Any CPU
		{1BC9C8AA-3FB3-4DE0-9E40-7DC2ACF27F04}.Release|x86.ActiveCfg = Release|Any CPU
		{1BC9C8AA-3FB3-4DE0-9E40-7DC2ACF27F04}.Release|x86.Build.0 = Release|Any CPU
	EndGlobalSection
	GlobalSection(SolutionProperties) = preSolution
		HideSolutionNode = FALSE
	EndGlobalSection
EndGlobal
